
Microsoft Visual Studio Solution File, Format Version 12.00
# Visual Studio 15
Project("{FAE04EC0-301F-11D3-BF4B-00C04F79EFBC}") = "Assembly-CSharp", "Assembly-CSharp.csproj", "{3DBFB018-339E-C1FC-9DBC-185A04BB6F6E}"
EndProject
Project("{FAE04EC0-301F-11D3-BF4B-00C04F79EFBC}") = "Assembly-CSharp-firstpass", "Assembly-CSharp-firstpass.csproj", "{0D5CAA46-40DB-8C7D-5CFF-E8BFEFEE5D98}"
EndProject
Project("{FAE04EC0-301F-11D3-BF4B-00C04F79EFBC}") = "Assembly-CSharp-Editor", "Assembly-CSharp-Editor.csproj", "{3E1AEDEF-7783-C352-A2E2-F1E68F6AE316}"
EndProject
Global
	GlobalSection(SolutionConfigurationPlatforms) = preSolution
		Debug|Any CPU = Debug|Any CPU
		Release|Any CPU = Release|Any CPU
	EndGlobalSection
	GlobalSection(ProjectConfigurationPlatforms) = postSolution
		{3DBFB018-339E-C1FC-9DBC-185A04BB6F6E}.Debug|Any CPU.ActiveCfg = Debug|Any CPU
		{3DBFB018-339E-C1FC-9DBC-185A04BB6F6E}.Debug|Any CPU.Build.0 = Debug|Any CPU
		{3DBFB018-339E-C1FC-9DBC-185A04BB6F6E}.Release|Any CPU.ActiveCfg = Release|Any CPU
		{3DBFB018-339E-C1FC-9DBC-185A04BB6F6E}.Release|Any CPU.Build.0 = Release|Any CPU
		{0D5CAA46-40DB-8C7D-5CFF-E8BFEFEE5D98}.Debug|Any CPU.ActiveCfg = Debug|Any CPU
		{0D5CAA46-40DB-8C7D-5CFF-E8BFEFEE5D98}.Debug|Any CPU.Build.0 = Debug|Any CPU
		{0D5CAA46-40DB-8C7D-5CFF-E8BFEFEE5D98}.Release|Any CPU.ActiveCfg = Release|Any CPU
		{0D5CAA46-40DB-8C7D-5CFF-E8BFEFEE5D98}.Release|Any CPU.Build.0 = Release|Any CPU
		{3E1AEDEF-7783-C352-A2E2-F1E68F6AE316}.Debug|Any CPU.ActiveCfg = Debug|Any CPU
		{3E1AEDEF-7783-C352-A2E2-F1E68F6AE316}.Debug|Any CPU.Build.0 = Debug|Any CPU
		{3E1AEDEF-7783-C352-A2E2-F1E68F6AE316}.Release|Any CPU.ActiveCfg = Release|Any CPU
		{3E1AEDEF-7783-C352-A2E2-F1E68F6AE316}.Release|Any CPU.Build.0 = Release|Any CPU
	EndGlobalSection
	GlobalSection(SolutionProperties) = preSolution
		HideSolutionNode = FALSE
	EndGlobalSection
EndGlobal
